
Microsoft Visual Studio Solution File, Format Version 12.00
# Visual Studio Version 16
VisualStudioVersion = 16.0.31613.86
MinimumVisualStudioVersion = 10.0.40219.1
Project("{FAE04EC0-301F-11D3-BF4B-00C04F79EFBC}") = "Biblioteca_Web", "Biblioteca_Web.csproj", "{AFB86FC8-2247-48EC-AF76-2837317DE4DA}"
EndProject
Global
	GlobalSection(SolutionConfigurationPlatforms) = preSolution
		Debug|Any CPU = Debug|Any CPU
		Release|Any CPU = Release|Any CPU
	EndGlobalSection
	GlobalSection(ProjectConfigurationPlatforms) = postSolution
		{AFB86FC8-2247-48EC-AF76-2837317DE4DA}.Debug|Any CPU.ActiveCfg = Debug|Any CPU
		{AFB86FC8-2247-48EC-AF76-2837317DE4DA}.Debug|Any CPU.Build.0 = Debug|Any CPU
		{AFB86FC8-2247-48EC-AF76-2837317DE4DA}.Release|Any CPU.ActiveCfg = Release|Any CPU
		{AFB86FC8-2247-48EC-AF76-2837317DE4DA}.Release|Any CPU.Build.0 = Release|Any CPU
	EndGlobalSection
	GlobalSection(SolutionProperties) = preSolution
		HideSolutionNode = FALSE
	EndGlobalSection
	GlobalSection(ExtensibilityGlobals) = postSolution
		SolutionGuid = {8555F9B0-DA1E-499B-B190-B5FEF14C7F62}
	EndGlobalSection
EndGlobal
